
Microsoft Visual Studio Solution File, Format Version 12.00
# Visual Studio Version 17
VisualStudioVersion = 17.13.35806.99 d17.13
MinimumVisualStudioVersion = 10.0.40219.1
Project("{FAE04EC0-301F-11D3-BF4B-00C04F79EFBC}") = "clientApp", "clientApp.csproj", "{A701D77C-1868-4923-A944-AF97711AC507}"
EndProject
Global
	GlobalSection(SolutionConfigurationPlatforms) = preSolution
		Debug|Any CPU = Debug|Any CPU
		Release|Any CPU = Release|Any CPU
	EndGlobalSection
	GlobalSection(ProjectConfigurationPlatforms) = postSolution
		{A701D77C-1868-4923-A944-AF97711AC507}.Debug|Any CPU.ActiveCfg = Debug|Any CPU
		{A701D77C-1868-4923-A944-AF97711AC507}.Debug|Any CPU.Build.0 = Debug|Any CPU
		{A701D77C-1868-4923-A944-AF97711AC507}.Release|Any CPU.ActiveCfg = Release|Any CPU
		{A701D77C-1868-4923-A944-AF97711AC507}.Release|Any CPU.Build.0 = Release|Any CPU
	EndGlobalSection
	GlobalSection(SolutionProperties) = preSolution
		HideSolutionNode = FALSE
	EndGlobalSection
	GlobalSection(ExtensibilityGlobals) = postSolution
		SolutionGuid = {190AD87C-A7DE-45D8-B454-53E93CE065BA}
	EndGlobalSection
EndGlobal
